
Microsoft Visual Studio Solution File, Format Version 12.00
# Visual Studio Version 16
VisualStudioVersion = 16.0.30907.101
MinimumVisualStudioVersion = 10.0.40219.1
Project("{FAE04EC0-301F-11D3-BF4B-00C04F79EFBC}") = "KBS", "KBS\KBS.csproj", "{A1C890B6-FD54-4887-97F4-1256CF3F72EE}"
EndProject
Project("{9A19103F-16F7-4668-BE54-9A1E7A4F7556}") = "KO.Core", "KO.Core\KO.Core.csproj", "{1EA62C34-6D71-4C6F-8DEF-D310D1170545}"
EndProject
Project("{9A19103F-16F7-4668-BE54-9A1E7A4F7556}") = "KO.Data", "KO.Data\KO.Data.csproj", "{6E84F51B-5CCA-45A3-95B5-2E2BBB7C371A}"
EndProject
Global
	GlobalSection(SolutionConfigurationPlatforms) = preSolution
		Debug|Any CPU = Debug|Any CPU
		Release|Any CPU = Release|Any CPU
	EndGlobalSection
	GlobalSection(ProjectConfigurationPlatforms) = postSolution
		{A1C890B6-FD54-4887-97F4-1256CF3F72EE}.Debug|Any CPU.ActiveCfg = Debug|Any CPU
		{A1C890B6-FD54-4887-97F4-1256CF3F72EE}.Debug|Any CPU.Build.0 = Debug|Any CPU
		{A1C890B6-FD54-4887-97F4-1256CF3F72EE}.Release|Any CPU.ActiveCfg = Release|Any CPU
		{A1C890B6-FD54-4887-97F4-1256CF3F72EE}.Release|Any CPU.Build.0 = Release|Any CPU
		{1EA62C34-6D71-4C6F-8DEF-D310D1170545}.Debug|Any CPU.ActiveCfg = Debug|Any CPU
		{1EA62C34-6D71-4C6F-8DEF-D310D1170545}.Debug|Any CPU.Build.0 = Debug|Any CPU
		{1EA62C34-6D71-4C6F-8DEF-D310D1170545}.Release|Any CPU.ActiveCfg = Release|Any CPU
		{1EA62C34-6D71-4C6F-8DEF-D310D1170545}.Release|Any CPU.Build.0 = Release|Any CPU
		{6E84F51B-5CCA-45A3-95B5-2E2BBB7C371A}.Debug|Any CPU.ActiveCfg = Debug|Any CPU
		{6E84F51B-5CCA-45A3-95B5-2E2BBB7C371A}.Debug|Any CPU.Build.0 = Debug|Any CPU
		{6E84F51B-5CCA-45A3-95B5-2E2BBB7C371A}.Release|Any CPU.ActiveCfg = Release|Any CPU
		{6E84F51B-5CCA-45A3-95B5-2E2BBB7C371A}.Release|Any CPU.Build.0 = Release|Any CPU
	EndGlobalSection
	GlobalSection(SolutionProperties) = preSolution
		HideSolutionNode = FALSE
	EndGlobalSection
	GlobalSection(ExtensibilityGlobals) = postSolution
		SolutionGuid = {77D59A96-6D1D-4F96-8AD1-15ABA81D8DF6}
	EndGlobalSection
EndGlobal
